<?xml version="1.0" encoding="utf-8"?>
<Project ToolsVersion="4.0" xmlns="http://schemas.microsoft.com/developer/msbuild/2003">
  <ItemGroup>
    <Filter Include="win32">
      <UniqueIdentifier>{84a8ebd7-7cf0-47f6-b75e-d441df67da40}</UniqueIdentifier>
    </Filter>
    <Filter Include="resource">
      <UniqueIdentifier>{715254bc-d70b-4ec5-bf29-467dd3ace079}</UniqueIdentifier>
    </Filter>
    <Filter Include="src">
      <UniqueIdentifier>{bb6c862e-70e9-49d9-81b7-3829a6f50471}</UniqueIdentifier>
    </Filter>
    <Filter Include="src\Common">
      <UniqueIdentifier>{59d3376f-a811-4100-acb8-561447eacb8e}</UniqueIdentifier>
    </Filter>
    <Filter Include="src\EffectSprite">
      <UniqueIdentifier>{09e3e09e-571c-45bb-b6b0-5c84ecbe87f7}</UniqueIdentifier>
    </Filter>
  </ItemGroup>
  <ItemGroup>
    <ClCompile Include="main.cpp">
      <Filter>win32</Filter>
    </ClCompile>
    <ClCompile Include="..\Classes\AppDelegate.cpp">
      <Filter>src</Filter>
    </ClCompile>
    <ClCompile Include="..\Classes\Common\CButton.cpp">
      <Filter>src\Common</Filter>
    </ClCompile>
    <ClCompile Include="..\Classes\Common\CFGObject.cpp">
      <Filter>src\Common</Filter>
    </ClCompile>
    <ClCompile Include="..\Classes\EffectSprite\Effect.cpp">
      <Filter>src\EffectSprite</Filter>
    </ClCompile>
    <ClCompile Include="..\Classes\EffectSprite\EffectSprite.cpp">
      <Filter>src\EffectSprite</Filter>
    </ClCompile>
    <ClCompile Include="..\Classes\EffectSprite\LightEffect.cpp">
      <Filter>src\EffectSprite</Filter>
    </ClCompile>
    <ClCompile Include="..\Classes\gamescene.cpp">
      <Filter>src</Filter>
    </ClCompile>
    <ClCompile Include="..\Classes\MainScene.cpp">
      <Filter>src</Filter>
    </ClCompile>
  </ItemGroup>
  <ItemGroup>
    <ClInclude Include="main.h">
      <Filter>win32</Filter>
    </ClInclude>
    <ClInclude Include="..\Classes\AppDelegate.h">
      <Filter>src</Filter>
    </ClInclude>
    <ClInclude Include="..\Classes\Common\CButton.h">
      <Filter>src\Common</Filter>
    </ClInclude>
    <ClInclude Include="..\Classes\Common\CFGObject.h">
      <Filter>src\Common</Filter>
    </ClInclude>
    <ClInclude Include="..\Classes\Common\const.h">
      <Filter>src\Common</Filter>
    </ClInclude>
    <ClInclude Include="..\Classes\EffectSprite\Effect.h">
      <Filter>src\EffectSprite</Filter>
    </ClInclude>
    <ClInclude Include="..\Classes\EffectSprite\EffectSprite.h">
      <Filter>src\EffectSprite</Filter>
    </ClInclude>
    <ClInclude Include="..\Classes\EffectSprite\LightEffect.h">
      <Filter>src\EffectSprite</Filter>
    </ClInclude>
    <ClInclude Include="..\Classes\gamescene.h">
      <Filter>src</Filter>
    </ClInclude>
    <ClInclude Include="..\Classes\MainScene.h">
      <Filter>src</Filter>
    </ClInclude>
  </ItemGroup>
  <ItemGroup>
    <ResourceCompile Include="game.rc">
      <Filter>resource</Filter>
    </ResourceCompile>
  </ItemGroup>
</Project>